// !$*UTF8*$!
{
	archiveVersion = 1;
	classes = {
	};
	objectVersion = 48;
	objects = {

/* Begin PBXBuildFile section */
		ECB0821C20178EBE000D032F /* AppDelegate.swift in Sources */ = {isa = PBXBuildFile; fileRef = ECB0821B20178EBE000D032F /* AppDelegate.swift */; };
		ECB0821E20178EBE000D032F /* GameScene.sks in Resources */ = {isa = PBXBuildFile; fileRef = ECB0821D20178EBE000D032F /* GameScene.sks */; };
		ECB0822020178EBE000D032F /* Actions.sks in Resources */ = {isa = PBXBuildFile; fileRef = ECB0821F20178EBE000D032F /* Actions.sks */; };
		ECB0822220178EBE000D032F /* GameScene.swift in Sources */ = {isa = PBXBuildFile; fileRef = ECB0822120178EBE000D032F /* GameScene.swift */; };
		ECB0822420178EBE000D032F /* GameViewController.swift in Sources */ = {isa = PBXBuildFile; fileRef = ECB0822320178EBE000D032F /* GameViewController.swift */; };
		ECB0822720178EBE000D032F /* Main.storyboard in Resources */ = {isa = PBXBuildFile; fileRef = ECB0822520178EBE000D032F /* Main.storyboard */; };
		ECB0822920178EBE000D032F /* Assets.xcassets in Resources */ = {isa = PBXBuildFile; fileRef = ECB0822820178EBE000D032F /* Assets.xcassets */; };
		ECB0822C20178EBE000D032F /* LaunchScreen.storyboard in Resources */ = {isa = PBXBuildFile; fileRef = ECB0822A20178EBE000D032F /* LaunchScreen.storyboard */; };
/* End PBXBuildFile section */

/* Begin PBXFileReference section */
		ECB0821820178EBE000D032F /* HelicopterGame.app */ = {isa = PBXFileReference; explicitFileType = wrapper.application; includeInIndex = 0; path = HelicopterGame.app; sourceTree = BUILT_PRODUCTS_DIR; };
		ECB0821B20178EBE000D032F /* AppDelegate.swift */ = {isa = PBXFileReference; lastKnownFileType = sourcecode.swift; path = AppDelegate.swift; sourceTree = "<group>"; };
		ECB0821D20178EBE000D032F /* GameScene.sks */ = {isa = PBXFileReference; lastKnownFileType = file.sks; path = GameScene.sks; sourceTree = "<group>"; };
		ECB0821F20178EBE000D032F /* Actions.sks */ = {isa = PBXFileReference; lastKnownFileType = file.sks; path = Actions.sks; sourceTree = "<group>"; };
		ECB0822120178EBE000D032F /* GameScene.swift */ = {isa = PBXFileReference; lastKnownFileType = sourcecode.swift; path = GameScene.swift; sourceTree = "<group>"; };
		ECB0822320178EBE000D032F /* GameViewController.swift */ = {isa = PBXFileReference; lastKnownFileType = sourcecode.swift; path = GameViewController.swift; sourceTree = "<group>"; };
		ECB0822620178EBE000D032F /* Base */ = {isa = PBXFileReference; lastKnownFileType = file.storyboard; name = Base; path = Base.lproj/Main.storyboard; sourceTree = "<group>"; };
		ECB0822820178EBE000D032F /* Assets.xcassets */ = {isa = PBXFileReference; lastKnownFileType = folder.assetcatalog; path = Assets.xcassets; sourceTree = "<group>"; };
		ECB0822B20178EBE000D032F /* Base */ = {isa = PBXFileReference; lastKnownFileType = file.storyboard; name = Base; path = Base.lproj/LaunchScreen.storyboard; sourceTree = "<group>"; };
		ECB0822D20178EBE000D032F /* Info.plist */ = {isa = PBXFileReference; lastKnownFileType = text.plist.xml; path = Info.plist; sourceTree = "<group>"; };
/* End PBXFileReference section */

/* Begin PBXFrameworksBuildPhase section */
		ECB0821520178EBE000D032F /* Frameworks */ = {
			isa = PBXFrameworksBuildPhase;
			buildActionMask = 2147483647;
			files = (
			);
			runOnlyForDeploymentPostprocessing = 0;
		};
/* End PBXFrameworksBuildPhase section */

/* Begin PBXGroup section */
		ECB0820F20178EBE000D032F = {
			isa = PBXGroup;
			children = (
				ECB0821A20178EBE000D032F /* HelicopterGame */,
				ECB0821920178EBE000D032F /* Products */,
			);
			sourceTree = "<group>";
		};
		ECB0821920178EBE000D032F /* Products */ = {
			isa = PBXGroup;
			children = (
				ECB0821820178EBE000D032F /* HelicopterGame.app */,
			);
			name = Products;
			sourceTree = "<group>";
		};
		ECB0821A20178EBE000D032F /* HelicopterGame */ = {
			isa = PBXGroup;
			children = (
				ECB0821B20178EBE000D032F /* AppDelegate.swift */,
				ECB0821D20178EBE000D032F /* GameScene.sks */,
				ECB0821F20178EBE000D032F /* Actions.sks */,
				ECB0822120178EBE000D032F /* GameScene.swift */,
				ECB0822320178EBE000D032F /* GameViewController.swift */,
				ECB0822520178EBE000D032F /* Main.storyboard */,
				ECB0822820178EBE000D032F /* Assets.xcassets */,
				ECB0822A20178EBE000D032F /* LaunchScreen.storyboard */,
				ECB0822D20178EBE000D032F /* Info.plist */,
			);
			path = HelicopterGame;
			sourceTree = "<group>";
		};
/* End PBXGroup section */

/* Begin PBXNativeTarget section */
		ECB0821720178EBE000D032F /* HelicopterGame */ = {
			isa = PBXNativeTarget;
			buildConfigurationList = ECB0823020178EBE000D032F /* Build configuration list for PBXNativeTarget "HelicopterGame" */;
			buildPhases = (
				ECB0821420178EBE000D032F /* Sources */,
				ECB0821520178EBE000D032F /* Frameworks */,
				ECB0821620178EBE000D032F /* Resources */,
			);
			buildRules = (
			);
			dependencies = (
			);
			name = HelicopterGame;
			productName = HelicopterGame;
			productReference = ECB0821820178EBE000D032F /* HelicopterGame.app */;
			productType = "com.apple.product-type.application";
		};
/* End PBXNativeTarget section */

/* Begin PBXProject section */
		ECB0821020178EBE000D032F /* Project object */ = {
			isa = PBXProject;
			attributes = {
				LastSwiftUpdateCheck = 0920;
				LastUpgradeCheck = 0920;
				ORGANIZATIONNAME = "Anniken Holst";
				TargetAttributes = {
					ECB0821720178EBE000D032F = {
						CreatedOnToolsVersion = 9.2;
						ProvisioningStyle = Automatic;
					};
				};
			};
			buildConfigurationList = ECB0821320178EBE000D032F /* Build configuration list for PBXProject "HelicopterGame" */;
			compatibilityVersion = "Xcode 8.0";
			developmentRegion = en;
			hasScannedForEncodings = 0;
			knownRegions = (
				en,
				Base,
			);
			mainGroup = ECB0820F20178EBE000D032F;
			productRefGroup = ECB0821920178EBE000D032F /* Products */;
			projectDirPath = "";
			projectRoot = "";
			targets = (
				ECB0821720178EBE000D032F /* HelicopterGame */,
			);
		};
/* End PBXProject section */

/* Begin PBXResourcesBuildPhase section */
		ECB0821620178EBE000D032F /* Resources */ = {
			isa = PBXResourcesBuildPhase;
			buildActionMask = 2147483647;
			files = (
				ECB0822720178EBE000D032F /* Main.storyboard in Resources */,
				ECB0821E20178EBE000D032F /* GameScene.sks in Resources */,
				ECB0822920178EBE000D032F /* Assets.xcassets in Resources */,
				ECB0822C20178EBE000D032F /* LaunchScreen.storyboard in Resources */,
				ECB0822020178EBE000D032F /* Actions.sks in Resources */,
			);
			runOnlyForDeploymentPostprocessing = 0;
		};
/* End PBXResourcesBuildPhase section */

/* Begin PBXSourcesBuildPhase section */
		ECB0821420178EBE000D032F /* Sources */ = {
			isa = PBXSourcesBuildPhase;
			buildActionMask = 2147483647;
			files = (
				ECB0822220178EBE000D032F /* GameScene.swift in Sources */,
				ECB0822420178EBE000D032F /* GameViewController.swift in Sources */,
				ECB0821C20178EBE000D032F /* AppDelegate.swift in Sources */,
			);
			runOnlyForDeploymentPostprocessing = 0;
		};
/* End PBXSourcesBuildPhase section */

/* Begin PBXVariantGroup section */
		ECB0822520178EBE000D032F /* Main.storyboard */ = {
			isa = PBXVariantGroup;
			children = (
				ECB0822620178EBE000D032F /* Base */,
			);
			name = Main.storyboard;
			sourceTree = "<group>";
		};
		ECB0822A20178EBE000D032F /* LaunchScreen.storyboard */ = {
			isa = PBXVariantGroup;
			children = (
				ECB0822B20178EBE000D032F /* Base */,
			);
			name = LaunchScreen.storyboard;
			sourceTree = "<group>";
		};
/* End PBXVariantGroup section */

/* Begin XCBuildConfiguration section */
		ECB0822E20178EBE000D032F /* Debug */ = {
			isa = XCBuildConfiguration;
			buildSettings = {
				ALWAYS_SEARCH_USER_PATHS = NO;
				CLANG_ANALYZER_NONNULL = YES;
				CLANG_ANALYZER_NUMBER_OBJECT_CONVERSION = YES_AGGRESSIVE;
				CLANG_CXX_LANGUAGE_STANDARD = "gnu++14";
				CLANG_CXX_LIBRARY = "libc++";
				CLANG_ENABLE_MODULES = YES;
				CLANG_ENABLE_OBJC_ARC = YES;
				CLANG_WARN_BLOCK_CAPTURE_AUTORELEASING = YES;
				CLANG_WARN_BOOL_CONVERSION = YES;
				CLANG_WARN_COMMA = YES;
				CLANG_WARN_CONSTANT_CONVERSION = YES;
				CLANG_WARN_DIRECT_OBJC_ISA_USAGE = YES_ERROR;
				CLANG_WARN_DOCUMENTATION_COMMENTS = YES;
				CLANG_WARN_EMPTY_BODY = YES;
				CLANG_WARN_ENUM_CONVERSION = YES;
				CLANG_WARN_INFINITE_RECURSION = YES;
				CLANG_WARN_INT_CONVERSION = YES;
				CLANG_WARN_NON_LITERAL_NULL_CONVERSION = YES;
				CLANG_WARN_OBJC_LITERAL_CONVERSION = YES;
				CLANG_WARN_OBJC_ROOT_CLASS = YES_ERROR;
				CLANG_WARN_RANGE_LOOP_ANALYSIS = YES;
				CLANG_WARN_STRICT_PROTOTYPES = YES;
				CLANG_WARN_SUSPICIOUS_MOVE = YES;
				CLANG_WARN_UNGUARDED_AVAILABILITY = YES_AGGRESSIVE;
				CLANG_WARN_UNREACHABLE_CODE = YES;
				CLANG_WARN__DUPLICATE_METHOD_MATCH = YES;
				CODE_SIGN_IDENTITY = "iPhone Developer";
				COPY_PHASE_STRIP = NO;
				DEBUG_INFORMATION_FORMAT = dwarf;
				ENABLE_STRICT_OBJC_MSGSEND = YES;
				ENABLE_TESTABILITY = YES;
				GCC_C_LANGUAGE_STANDARD = gnu11;
				GCC_DYNAMIC_NO_PIC = NO;
				GCC_NO_COMMON_BLOCKS = YES;
				GCC_OPTIMIZATION_LEVEL = 0;
				GCC_PREPROCESSOR_DEFINITIONS = (
					"DEBUG=1",
					"$(inherited)",
				);
				GCC_WARN_64_TO_32_BIT_CONVERSION = YES;
				GCC_WARN_ABOUT_RETURN_TYPE = YES_ERROR;
				GCC_WARN_UNDECLARED_SELECTOR = YES;
				GCC_WARN_UNINITIALIZED_AUTOS = YES_AGGRESSIVE;
				GCC_WARN_UNUSED_FUNCTION = YES;
				GCC_WARN_UNUSED_VARIABLE = YES;
				IPHONEOS_DEPLOYMENT_TARGET = 11.2;
				MTL_ENABLE_DEBUG_INFO = YES;
				ONLY_ACTIVE_ARCH = YES;
				SDKROOT = iphoneos;
				SWIFT_ACTIVE_COMPILATION_CONDITIONS = DEBUG;
				SWIFT_OPTIMIZATION_LEVEL = "-Onone";
			};
			name = Debug;
		};
		ECB0822F20178EBE000D032F /* Release */ = {
			isa = XCBuildConfiguration;
			buildSettings = {
				ALWAYS_SEARCH_USER_PATHS = NO;
				CLANG_ANALYZER_NONNULL = YES;
				CLANG_ANALYZER_NUMBER_OBJECT_CONVERSION = YES_AGGRESSIVE;
				CLANG_CXX_LANGUAGE_STANDARD = "gnu++14";
				CLANG_CXX_LIBRARY = "libc++";
				CLANG_ENABLE_MODULES = YES;
				CLANG_ENABLE_OBJC_ARC = YES;
				CLANG_WARN_BLOCK_CAPTURE_AUTORELEASING = YES;
				CLANG_WARN_BOOL_CONVERSION = YES;
				CLANG_WARN_COMMA = YES;
				CLANG_WARN_CONSTANT_CONVERSION = YES;
				CLANG_WARN_DIRECT_OBJC_ISA_USAGE = YES_ERROR;
				CLANG_WARN_DOCUMENTATION_COMMENTS = YES;
				CLANG_WARN_EMPTY_BODY = YES;
				CLANG_WARN_ENUM_CONVERSION = YES;
				CLANG_WARN_INFINITE_RECURSION = YES;
				CLANG_WARN_INT_CONVERSION = YES;
				CLANG_WARN_NON_LITERAL_NULL_CONVERSION = YES;
				CLANG_WARN_OBJC_LITERAL_CONVERSION = YES;
				CLANG_WARN_OBJC_ROOT_CLASS = YES_ERROR;
				CLANG_WARN_RANGE_LOOP_ANALYSIS = YES;
				CLANG_WARN_STRICT_PROTOTYPES = YES;
				CLANG_WARN_SUSPICIOUS_MOVE = YES;
				CLANG_WARN_UNGUARDED_AVAILABILITY = YES_AGGRESSIVE;
				CLANG_WARN_UNREACHABLE_CODE = YES;
				CLANG_WARN__DUPLICATE_METHOD_MATCH = YES;
				CODE_SIGN_IDENTITY = "iPhone Developer";
				COPY_PHASE_STRIP = NO;
				DEBUG_INFORMATION_FORMAT = "dwarf-with-dsym";
				ENABLE_NS_ASSERTIONS = NO;
				ENABLE_STRICT_OBJC_MSGSEND = YES;
				GCC_C_LANGUAGE_STANDARD = gnu11;
				GCC_NO_COMMON_BLOCKS = YES;
				GCC_WARN_64_TO_32_BIT_CONVERSION = YES;
				GCC_WARN_ABOUT_RETURN_TYPE = YES_ERROR;
				GCC_WARN_UNDECLARED_SELECTOR = YES;
				GCC_WARN_UNINITIALIZED_AUTOS = YES_AGGRESSIVE;
				GCC_WARN_UNUSED_FUNCTION = YES;
				GCC_WARN_UNUSED_VARIABLE = YES;
				IPHONEOS_DEPLOYMENT_TARGET = 11.2;
				MTL_ENABLE_DEBUG_INFO = NO;
				SDKROOT = iphoneos;
				SWIFT_OPTIMIZATION_LEVEL = "-Owholemodule";
				VALIDATE_PRODUCT = YES;
			};
			name = Release;
		};
		ECB0823120178EBE000D032F /* Debug */ = {
			isa = XCBuildConfiguration;
			buildSettings = {
				ASSETCATALOG_COMPILER_APPICON_NAME = AppIcon;
				CODE_SIGN_STYLE = Automatic;
				INFOPLIST_FILE = HelicopterGame/Info.plist;
				LD_RUNPATH_SEARCH_PATHS = "$(inherited) @executable_path/Frameworks";
				PRODUCT_BUNDLE_IDENTIFIER = TDT4240.HelicopterGame;
				PRODUCT_NAME = "$(TARGET_NAME)";
				SWIFT_VERSION = 4.0;
				TARGETED_DEVICE_FAMILY = "1,2";
			};
			name = Debug;
		};
		ECB0823220178EBE000D032F /* Release */ = {
			isa = XCBuildConfiguration;
			buildSettings = {
				ASSETCATALOG_COMPILER_APPICON_NAME = AppIcon;
				CODE_SIGN_STYLE = Automatic;
				INFOPLIST_FILE = HelicopterGame/Info.plist;
				LD_RUNPATH_SEARCH_PATHS = "$(inherited) @executable_path/Frameworks";
				PRODUCT_BUNDLE_IDENTIFIER = TDT4240.HelicopterGame;
				PRODUCT_NAME = "$(TARGET_NAME)";
				SWIFT_VERSION = 4.0;
				TARGETED_DEVICE_FAMILY = "1,2";
			};
			name = Release;
		};
/* End XCBuildConfiguration section */

/* Begin XCConfigurationList section */
		ECB0821320178EBE000D032F /* Build configuration list for PBXProject "HelicopterGame" */ = {
			isa = XCConfigurationList;
			buildConfigurations = (
				ECB0822E20178EBE000D032F /* Debug */,
				ECB0822F20178EBE000D032F /* Release */,
			);
			defaultConfigurationIsVisible = 0;
			defaultConfigurationName = Release;
		};
		ECB0823020178EBE000D032F /* Build configuration list for PBXNativeTarget "HelicopterGame" */ = {
			isa = XCConfigurationList;
			buildConfigurations = (
				ECB0823120178EBE000D032F /* Debug */,
				ECB0823220178EBE000D032F /* Release */,
			);
			defaultConfigurationIsVisible = 0;
			defaultConfigurationName = Release;
		};
/* End XCConfigurationList section */
	};
	rootObject = ECB0821020178EBE000D032F /* Project object */;
}
